
Microsoft Visual Studio Solution File, Format Version 12.00
# Visual Studio Version 16
VisualStudioVersion = 16.0.809.8
MinimumVisualStudioVersion = 10.0.40219.1
Project("{FAE04EC0-301F-11D3-BF4B-00C04F79EFBC}") = "WebAPI", "WebAPI.csproj", "{3111CD68-6E9D-415B-98EF-F9EF92C2DDBC}"
EndProject
Global
	GlobalSection(SolutionConfigurationPlatforms) = preSolution
		Debug|Any CPU = Debug|Any CPU
		Release|Any CPU = Release|Any CPU
	EndGlobalSection
	GlobalSection(ProjectConfigurationPlatforms) = postSolution
		{3111CD68-6E9D-415B-98EF-F9EF92C2DDBC}.Debug|Any CPU.ActiveCfg = Debug|Any CPU
		{3111CD68-6E9D-415B-98EF-F9EF92C2DDBC}.Debug|Any CPU.Build.0 = Debug|Any CPU
		{3111CD68-6E9D-415B-98EF-F9EF92C2DDBC}.Release|Any CPU.ActiveCfg = Release|Any CPU
		{3111CD68-6E9D-415B-98EF-F9EF92C2DDBC}.Release|Any CPU.Build.0 = Release|Any CPU
	EndGlobalSection
	GlobalSection(SolutionProperties) = preSolution
		HideSolutionNode = FALSE
	EndGlobalSection
	GlobalSection(ExtensibilityGlobals) = postSolution
		SolutionGuid = {5E4D01DD-54CB-4634-ABEF-D5BB503E36F0}
	EndGlobalSection
EndGlobal
